
Microsoft Visual Studio Solution File, Format Version 12.00
# Visual Studio 2012
Project("{FAE04EC0-301F-11D3-BF4B-00C04F79EFBC}") = "SchoolApp", "SchoolApp\SchoolApp.csproj", "{DE0DCE43-34D8-46DE-8939-2BDE36C35730}"
EndProject
Global
	GlobalSection(SolutionConfigurationPlatforms) = preSolution
		Debug|Any CPU = Debug|Any CPU
		Release|Any CPU = Release|Any CPU
	EndGlobalSection
	GlobalSection(ProjectConfigurationPlatforms) = postSolution
		{DE0DCE43-34D8-46DE-8939-2BDE36C35730}.Debug|Any CPU.ActiveCfg = Debug|Any CPU
		{DE0DCE43-34D8-46DE-8939-2BDE36C35730}.Debug|Any CPU.Build.0 = Debug|Any CPU
		{DE0DCE43-34D8-46DE-8939-2BDE36C35730}.Release|Any CPU.ActiveCfg = Release|Any CPU
		{DE0DCE43-34D8-46DE-8939-2BDE36C35730}.Release|Any CPU.Build.0 = Release|Any CPU
	EndGlobalSection
	GlobalSection(SolutionProperties) = preSolution
		HideSolutionNode = FALSE
	EndGlobalSection
EndGlobal
